
Microsoft Visual Studio Solution File, Format Version 12.00
# Visual Studio Version 16
VisualStudioVersion = 16.0.30114.105
MinimumVisualStudioVersion = 10.0.40219.1
Project("{FAE04EC0-301F-11D3-BF4B-00C04F79EFBC}") = "modulo2-semana6-api", "modulo2-semana6-api\modulo2-semana6-api.csproj", "{67C18824-7400-4D83-8DEC-E42375D6E0D3}"
EndProject
Project("{FAE04EC0-301F-11D3-BF4B-00C04F79EFBC}") = "modulo2-semana6-tests", "modulo2-semana6-tests\modulo2-semana6-tests.csproj", "{5BE8337A-9737-4F79-AB57-3BD621721C15}"
EndProject
Global
	GlobalSection(SolutionConfigurationPlatforms) = preSolution
		Debug|Any CPU = Debug|Any CPU
		Release|Any CPU = Release|Any CPU
	EndGlobalSection
	GlobalSection(SolutionProperties) = preSolution
		HideSolutionNode = FALSE
	EndGlobalSection
	GlobalSection(ProjectConfigurationPlatforms) = postSolution
		{67C18824-7400-4D83-8DEC-E42375D6E0D3}.Debug|Any CPU.ActiveCfg = Debug|Any CPU
		{67C18824-7400-4D83-8DEC-E42375D6E0D3}.Debug|Any CPU.Build.0 = Debug|Any CPU
		{67C18824-7400-4D83-8DEC-E42375D6E0D3}.Release|Any CPU.ActiveCfg = Release|Any CPU
		{67C18824-7400-4D83-8DEC-E42375D6E0D3}.Release|Any CPU.Build.0 = Release|Any CPU
		{5BE8337A-9737-4F79-AB57-3BD621721C15}.Debug|Any CPU.ActiveCfg = Debug|Any CPU
		{5BE8337A-9737-4F79-AB57-3BD621721C15}.Debug|Any CPU.Build.0 = Debug|Any CPU
		{5BE8337A-9737-4F79-AB57-3BD621721C15}.Release|Any CPU.ActiveCfg = Release|Any CPU
		{5BE8337A-9737-4F79-AB57-3BD621721C15}.Release|Any CPU.Build.0 = Release|Any CPU
	EndGlobalSection
EndGlobal
